{
  "name": "pt2023",
  "lockfileVersion": 3,
  "requires": true,
  "packages": {
    "": {
      "dependencies": {
        "markmap-lib": "^0.14.4"
      }
    },
    "node_modules/@babel/runtime": {
      "version": "7.21.0",
      "resolved": "https://registry.npmjs.org/@babel/runtime/-/runtime-7.21.0.tgz",
      "integrity": "sha512-xwII0//EObnq89Ji5AKYQaRYiW/nZ3llSv29d49IuxPhKbtJoLP+9QUUZ4nVragQVtaVGeZrpB+ZtG/Pdy/POw==",
      "dependencies": {
        "regenerator-runtime": "^0.13.11"
      },
      "engines": {
        "node": ">=6.9.0"
      }
    },
    "node_modules/argparse": {
      "version": "2.0.1",
      "resolved": "https://registry.npmjs.org/argparse/-/argparse-2.0.1.tgz",
      "integrity": "sha512-8+9WqebbFzpX9OR+Wa6O29asIogeRMzcGtAINdpMHHyAg10f05aSFVBbcEqGf/PXw1EjAZ+q2/bEBg3DvurK3Q=="
    },
    "node_modules/autolinker": {
      "version": "3.16.2",
      "resolved": "https://registry.npmjs.org/autolinker/-/autolinker-3.16.2.tgz",
      "integrity": "sha512-JiYl7j2Z19F9NdTmirENSUUIIL/9MytEWtmzhfmsKPCp9E+G35Y0UNCMoM9tFigxT59qSc8Ml2dlZXOCVTYwuA==",
      "dependencies": {
        "tslib": "^2.3.0"
      }
    },
    "node_modules/commander": {
      "version": "8.3.0",
      "resolved": "https://registry.npmjs.org/commander/-/commander-8.3.0.tgz",
      "integrity": "sha512-OkTL9umf+He2DZkUq8f8J9of7yL6RJKI24dVITBmNfZBmri9zYZQrKkuXiKhyfPSu8tUhnVBB1iKXevvnlR4Ww==",
      "engines": {
        "node": ">= 12"
      }
    },
    "node_modules/js-yaml": {
      "version": "4.1.0",
      "resolved": "https://registry.npmjs.org/js-yaml/-/js-yaml-4.1.0.tgz",
      "integrity": "sha512-wpxZs9NoxZaJESJGIZTyDEaYpl0FKSA+FB9aJiyemKhMwkxQg63h4T1KJgUGHpTqPDNRcmmYLugrRjJlBtWvRA==",
      "dependencies": {
        "argparse": "^2.0.1"
      },
      "bin": {
        "js-yaml": "bin/js-yaml.js"
      }
    },
    "node_modules/katex": {
      "version": "0.16.6",
      "resolved": "https://registry.npmjs.org/katex/-/katex-0.16.6.tgz",
      "integrity": "sha512-XVB7X8jEogjJ+OY+a9JdE+VOk9i7znela0HP6WaDbpB4sUh8ghrG0Ccluu2MA2tcJbFAViBC9aVXus2UvkEr8A==",
      "funding": [
        "https://opencollective.com/katex",
        "https://github.com/sponsors/katex"
      ],
      "dependencies": {
        "commander": "^8.3.0"
      },
      "bin": {
        "katex": "cli.js"
      }
    },
    "node_modules/markmap-common": {
      "version": "0.14.2",
      "resolved": "https://registry.npmjs.org/markmap-common/-/markmap-common-0.14.2.tgz",
      "integrity": "sha512-uGk++7mh237YneJRn9BH/KMbc1ImvMSlvOHOXqK9TyFP+NqQ0+ZYYKYXdTRyozzcMMtz0U0fb00k3Z7FNkAu1g==",
      "peer": true,
      "dependencies": {
        "@babel/runtime": "^7.12.1"
      }
    },
    "node_modules/markmap-lib": {
      "version": "0.14.4",
      "resolved": "https://registry.npmjs.org/markmap-lib/-/markmap-lib-0.14.4.tgz",
      "integrity": "sha512-tyXhpER0XdQe/sxWOjMVshbPcfrcNnV5MzdjxVGUUovep1jxFuuBWS5Cp7z41pzUpW1+56Mxb7Vgp4Psme3sSw==",
      "dependencies": {
        "@babel/runtime": "^7.18.9",
        "js-yaml": "^4.1.0",
        "katex": "^0.16.0",
        "prismjs": "^1.28.0",
        "remarkable": "^2.0.1",
        "remarkable-katex": "^1.2.1"
      },
      "engines": {
        "node": ">=10"
      },
      "peerDependencies": {
        "markmap-common": "*"
      }
    },
    "node_modules/prismjs": {
      "version": "1.29.0",
      "resolved": "https://registry.npmjs.org/prismjs/-/prismjs-1.29.0.tgz",
      "integrity": "sha512-Kx/1w86q/epKcmte75LNrEoT+lX8pBpavuAbvJWRXar7Hz8jrtF+e3vY751p0R8H9HdArwaCTNDDzHg/ScJK1Q==",
      "engines": {
        "node": ">=6"
      }
    },
    "node_modules/regenerator-runtime": {
      "version": "0.13.11",
      "resolved": "https://registry.npmjs.org/regenerator-runtime/-/regenerator-runtime-0.13.11.tgz",
      "integrity": "sha512-kY1AZVr2Ra+t+piVaJ4gxaFaReZVH40AKNo7UCX6W+dEwBo/2oZJzqfuN1qLq1oL45o56cPaTXELwrTh8Fpggg=="
    },
    "node_modules/remarkable": {
      "version": "2.0.1",
      "resolved": "https://registry.npmjs.org/remarkable/-/remarkable-2.0.1.tgz",
      "integrity": "sha512-YJyMcOH5lrR+kZdmB0aJJ4+93bEojRZ1HGDn9Eagu6ibg7aVZhc3OWbbShRid+Q5eAfsEqWxpe+g5W5nYNfNiA==",
      "dependencies": {
        "argparse": "^1.0.10",
        "autolinker": "^3.11.0"
      },
      "bin": {
        "remarkable": "bin/remarkable.js"
      },
      "engines": {
        "node": ">= 6.0.0"
      }
    },
    "node_modules/remarkable-katex": {
      "version": "1.2.1",
      "resolved": "https://registry.npmjs.org/remarkable-katex/-/remarkable-katex-1.2.1.tgz",
      "integrity": "sha512-Y1VquJBZnaVsfsVcKW2hmjT+pDL7mp8l5WAVlvuvViltrdok2m1AIKmJv8SsH+mBY84PoMw67t3kTWw1dIm8+g=="
    },
    "node_modules/remarkable/node_modules/argparse": {
      "version": "1.0.10",
      "resolved": "https://registry.npmjs.org/argparse/-/argparse-1.0.10.tgz",
      "integrity": "sha512-o5Roy6tNG4SL/FOkCAN6RzjiakZS25RLYFrcMttJqbdd8BWrnA+fGz57iN5Pb06pvBGvl5gQ0B48dJlslXvoTg==",
      "dependencies": {
        "sprintf-js": "~1.0.2"
      }
    },
    "node_modules/sprintf-js": {
      "version": "1.0.3",
      "resolved": "https://registry.npmjs.org/sprintf-js/-/sprintf-js-1.0.3.tgz",
      "integrity": "sha512-D9cPgkvLlV3t3IzL0D0YLvGA9Ahk4PcvVwUbN0dSGr1aP0Nrt4AEnTUbuGvquEC0mA64Gqt1fzirlRs5ibXx8g=="
    },
    "node_modules/tslib": {
      "version": "2.5.0",
      "resolved": "https://registry.npmjs.org/tslib/-/tslib-2.5.0.tgz",
      "integrity": "sha512-336iVw3rtn2BUK7ORdIAHTyxHGRIHVReokCR3XjbckJMK7ms8FysBfhLR8IXnAgy7T0PTPNBWKiH514FOW/WSg=="
    }
  }
}
